{
  "nodes": {
    "flake-utils": {
      "locked": {
        "lastModified": 1678901627,
        "narHash": "sha256-U02riOqrKKzwjsxc/400XnElV+UtPUQWpANPlyazjH0=",
        "owner": "numtide",
        "repo": "flake-utils",
        "rev": "93a2b84fc4b70d9e089d029deacc3583435c2ed6",
        "type": "github"
      },
      "original": {
        "owner": "numtide",
        "repo": "flake-utils",
        "type": "github"
      }
    },
    "kvmd-src": {
      "flake": false,
      "locked": {
        "lastModified": 1679250011,
        "narHash": "sha256-QZNvzavdwhEncFXdRX9KjHutMqpkyGtZzuqgeSjL53k=",
        "owner": "pikvm",
        "repo": "kvmd",
        "rev": "c4a2363451611bcb7447e82bba284bfb71943dc2",
        "type": "github"
      },
      "original": {
        "owner": "pikvm",
        "repo": "kvmd",
        "type": "github"
      }
    },
    "nixpkgs": {
      "locked": {
        "lastModified": 1680957651,
        "narHash": "sha256-2HJLgtYDvxQQ4okw5QfPrYJj+lmOm6LGqqdNt/A6/1E=",
        "owner": "NixOS",
        "repo": "nixpkgs",
        "rev": "dd3421702c1163111bbf88f47b853db7059ab1ba",
        "type": "github"
      },
      "original": {
        "owner": "NixOS",
        "ref": "release-22.11",
        "repo": "nixpkgs",
        "type": "github"
      }
    },
    "root": {
      "inputs": {
        "flake-utils": "flake-utils",
        "kvmd-src": "kvmd-src",
        "nixpkgs": "nixpkgs"
      }
    }
  },
  "root": "root",
  "version": 7
}
